
Microsoft Visual Studio Solution File, Format Version 12.00
# Visual Studio Version 16
VisualStudioVersion = 16.0.32228.343
MinimumVisualStudioVersion = 10.0.40219.1
Project("{9A19103F-16F7-4668-BE54-9A1E7A4F7556}") = "ProjetDeSession", "ProjetDeSession\ProjetDeSession.csproj", "{AF84E0B9-998F-4F73-8B55-0920D88C8AB3}"
EndProject
Global
	GlobalSection(SolutionConfigurationPlatforms) = preSolution
		Debug|Any CPU = Debug|Any CPU
		Release|Any CPU = Release|Any CPU
	EndGlobalSection
	GlobalSection(ProjectConfigurationPlatforms) = postSolution
		{AF84E0B9-998F-4F73-8B55-0920D88C8AB3}.Debug|Any CPU.ActiveCfg = Debug|Any CPU
		{AF84E0B9-998F-4F73-8B55-0920D88C8AB3}.Debug|Any CPU.Build.0 = Debug|Any CPU
		{AF84E0B9-998F-4F73-8B55-0920D88C8AB3}.Release|Any CPU.ActiveCfg = Release|Any CPU
		{AF84E0B9-998F-4F73-8B55-0920D88C8AB3}.Release|Any CPU.Build.0 = Release|Any CPU
	EndGlobalSection
	GlobalSection(SolutionProperties) = preSolution
		HideSolutionNode = FALSE
	EndGlobalSection
	GlobalSection(ExtensibilityGlobals) = postSolution
		SolutionGuid = {90A37F84-E44C-4AC9-A70F-F9C4D9345BBD}
	EndGlobalSection
EndGlobal
